
Microsoft Visual Studio Solution File, Format Version 12.00
# Visual Studio Version 16
VisualStudioVersion = 16.0.29905.134
MinimumVisualStudioVersion = 10.0.40219.1
Project("{FAE04EC0-301F-11D3-BF4B-00C04F79EFBC}") = "Countries", "Countries\Countries.csproj", "{0AE31898-0C75-4CB0-9601-9690C970A426}"
EndProject
Global
	GlobalSection(SolutionConfigurationPlatforms) = preSolution
		Debug|Any CPU = Debug|Any CPU
		Release|Any CPU = Release|Any CPU
	EndGlobalSection
	GlobalSection(ProjectConfigurationPlatforms) = postSolution
		{0AE31898-0C75-4CB0-9601-9690C970A426}.Debug|Any CPU.ActiveCfg = Debug|Any CPU
		{0AE31898-0C75-4CB0-9601-9690C970A426}.Debug|Any CPU.Build.0 = Debug|Any CPU
		{0AE31898-0C75-4CB0-9601-9690C970A426}.Release|Any CPU.ActiveCfg = Release|Any CPU
		{0AE31898-0C75-4CB0-9601-9690C970A426}.Release|Any CPU.Build.0 = Release|Any CPU
	EndGlobalSection
	GlobalSection(SolutionProperties) = preSolution
		HideSolutionNode = FALSE
	EndGlobalSection
	GlobalSection(ExtensibilityGlobals) = postSolution
		SolutionGuid = {7116F391-9F93-4690-B20A-94EBB8FE20C2}
	EndGlobalSection
EndGlobal
